
Microsoft Visual Studio Solution File, Format Version 12.00
# Visual Studio Version 17
VisualStudioVersion = 17.14.36414.22 d17.14
MinimumVisualStudioVersion = 10.0.40219.1
Project("{FAE04EC0-301F-11D3-BF4B-00C04F79EFBC}") = "BakeryDemo", "BakeryDemo\BakeryDemo.csproj", "{39236806-3148-48F5-8F31-23F988D8A079}"
EndProject
Global
	GlobalSection(SolutionConfigurationPlatforms) = preSolution
		Debug|Any CPU = Debug|Any CPU
		Release|Any CPU = Release|Any CPU
	EndGlobalSection
	GlobalSection(ProjectConfigurationPlatforms) = postSolution
		{39236806-3148-48F5-8F31-23F988D8A079}.Debug|Any CPU.ActiveCfg = Debug|Any CPU
		{39236806-3148-48F5-8F31-23F988D8A079}.Debug|Any CPU.Build.0 = Debug|Any CPU
		{39236806-3148-48F5-8F31-23F988D8A079}.Release|Any CPU.ActiveCfg = Release|Any CPU
		{39236806-3148-48F5-8F31-23F988D8A079}.Release|Any CPU.Build.0 = Release|Any CPU
	EndGlobalSection
	GlobalSection(SolutionProperties) = preSolution
		HideSolutionNode = FALSE
	EndGlobalSection
	GlobalSection(ExtensibilityGlobals) = postSolution
		SolutionGuid = {B6094474-99EE-4F26-A99C-5FCC791F6967}
	EndGlobalSection
EndGlobal
